
Microsoft Visual Studio Solution File, Format Version 12.00
# Visual Studio 15
Project("{FAE04EC0-301F-11D3-BF4B-00C04F79EFBC}") = "Assembly-CSharp-firstpass", "Assembly-CSharp-firstpass.csproj", "{FC2A0214-3C8A-6C4E-33E2-4CBB57EA58CF}"
EndProject
Project("{FAE04EC0-301F-11D3-BF4B-00C04F79EFBC}") = "Assembly-CSharp", "Assembly-CSharp.csproj", "{4DEFB8C2-FA58-5771-7F28-9134A94908DF}"
EndProject
Project("{FAE04EC0-301F-11D3-BF4B-00C04F79EFBC}") = "Assembly-CSharp-Editor-firstpass", "Assembly-CSharp-Editor-firstpass.csproj", "{AC44E52A-BD49-B476-3F40-443C8D028FFE}"
EndProject
Global
	GlobalSection(SolutionConfigurationPlatforms) = preSolution
		Debug|Any CPU = Debug|Any CPU
		Release|Any CPU = Release|Any CPU
	EndGlobalSection
	GlobalSection(ProjectConfigurationPlatforms) = postSolution
		{FC2A0214-3C8A-6C4E-33E2-4CBB57EA58CF}.Debug|Any CPU.ActiveCfg = Debug|Any CPU
		{FC2A0214-3C8A-6C4E-33E2-4CBB57EA58CF}.Debug|Any CPU.Build.0 = Debug|Any CPU
		{FC2A0214-3C8A-6C4E-33E2-4CBB57EA58CF}.Release|Any CPU.ActiveCfg = Release|Any CPU
		{FC2A0214-3C8A-6C4E-33E2-4CBB57EA58CF}.Release|Any CPU.Build.0 = Release|Any CPU
		{4DEFB8C2-FA58-5771-7F28-9134A94908DF}.Debug|Any CPU.ActiveCfg = Debug|Any CPU
		{4DEFB8C2-FA58-5771-7F28-9134A94908DF}.Debug|Any CPU.Build.0 = Debug|Any CPU
		{4DEFB8C2-FA58-5771-7F28-9134A94908DF}.Release|Any CPU.ActiveCfg = Release|Any CPU
		{4DEFB8C2-FA58-5771-7F28-9134A94908DF}.Release|Any CPU.Build.0 = Release|Any CPU
		{AC44E52A-BD49-B476-3F40-443C8D028FFE}.Debug|Any CPU.ActiveCfg = Debug|Any CPU
		{AC44E52A-BD49-B476-3F40-443C8D028FFE}.Debug|Any CPU.Build.0 = Debug|Any CPU
		{AC44E52A-BD49-B476-3F40-443C8D028FFE}.Release|Any CPU.ActiveCfg = Release|Any CPU
		{AC44E52A-BD49-B476-3F40-443C8D028FFE}.Release|Any CPU.Build.0 = Release|Any CPU
	EndGlobalSection
	GlobalSection(SolutionProperties) = preSolution
		HideSolutionNode = FALSE
	EndGlobalSection
EndGlobal
